// !$*UTF8*$!
{
	archiveVersion = 1;
	classes = {
	};
	objectVersion = 46;
	objects = {

/* Begin PBXBuildFile section */
		52AB3FF71D08112500567127 /* main.m in Sources */ = {isa = PBXBuildFile; fileRef = 52AB3FF61D08112500567127 /* main.m */; };
		52AB3FFA1D08112500567127 /* AppDelegate.m in Sources */ = {isa = PBXBuildFile; fileRef = 52AB3FF91D08112500567127 /* AppDelegate.m */; };
		52AB3FFD1D08112500567127 /* ViewController.m in Sources */ = {isa = PBXBuildFile; fileRef = 52AB3FFC1D08112500567127 /* ViewController.m */; };
		52AB40001D08112500567127 /* Main.storyboard in Resources */ = {isa = PBXBuildFile; fileRef = 52AB3FFE1D08112500567127 /* Main.storyboard */; };
		52AB40021D08112500567127 /* Assets.xcassets in Resources */ = {isa = PBXBuildFile; fileRef = 52AB40011D08112500567127 /* Assets.xcassets */; };
		52AB40051D08112500567127 /* LaunchScreen.storyboard in Resources */ = {isa = PBXBuildFile; fileRef = 52AB40031D08112500567127 /* LaunchScreen.storyboard */; };
/* End PBXBuildFile section */

/* Begin PBXFileReference section */
		52AB3FF21D08112400567127 /* CLGeocoder地理编码.app */ = {isa = PBXFileReference; explicitFileType = wrapper.application; includeInIndex = 0; path = "CLGeocoder地理编码.app"; sourceTree = BUILT_PRODUCTS_DIR; };
		52AB3FF61D08112500567127 /* main.m */ = {isa = PBXFileReference; lastKnownFileType = sourcecode.c.objc; path = main.m; sourceTree = "<group>"; };
		52AB3FF81D08112500567127 /* AppDelegate.h */ = {isa = PBXFileReference; lastKnownFileType = sourcecode.c.h; path = AppDelegate.h; sourceTree = "<group>"; };
		52AB3FF91D08112500567127 /* AppDelegate.m */ = {isa = PBXFileReference; lastKnownFileType = sourcecode.c.objc; path = AppDelegate.m; sourceTree = "<group>"; };
		52AB3FFB1D08112500567127 /* ViewController.h */ = {isa = PBXFileReference; lastKnownFileType = sourcecode.c.h; path = ViewController.h; sourceTree = "<group>"; };
		52AB3FFC1D08112500567127 /* ViewController.m */ = {isa = PBXFileReference; lastKnownFileType = sourcecode.c.objc; path = ViewController.m; sourceTree = "<group>"; };
		52AB3FFF1D08112500567127 /* Base */ = {isa = PBXFileReference; lastKnownFileType = file.storyboard; name = Base; path = Base.lproj/Main.storyboard; sourceTree = "<group>"; };
		52AB40011D08112500567127 /* Assets.xcassets */ = {isa = PBXFileReference; lastKnownFileType = folder.assetcatalog; path = Assets.xcassets; sourceTree = "<group>"; };
		52AB40041D08112500567127 /* Base */ = {isa = PBXFileReference; lastKnownFileType = file.storyboard; name = Base; path = Base.lproj/LaunchScreen.storyboard; sourceTree = "<group>"; };
		52AB40061D08112500567127 /* Info.plist */ = {isa = PBXFileReference; lastKnownFileType = text.plist.xml; path = Info.plist; sourceTree = "<group>"; };
/* End PBXFileReference section */

/* Begin PBXFrameworksBuildPhase section */
		52AB3FEF1D08112400567127 /* Frameworks */ = {
			isa = PBXFrameworksBuildPhase;
			buildActionMask = 2147483647;
			files = (
			);
			runOnlyForDeploymentPostprocessing = 0;
		};
/* End PBXFrameworksBuildPhase section */

/* Begin PBXGroup section */
		52AB3FE91D08112400567127 = {
			isa = PBXGroup;
			children = (
				52AB3FF41D08112500567127 /* CLGeocoder地理编码 */,
				52AB3FF31D08112400567127 /* Products */,
			);
			sourceTree = "<group>";
		};
		52AB3FF31D08112400567127 /* Products */ = {
			isa = PBXGroup;
			children = (
				52AB3FF21D08112400567127 /* CLGeocoder地理编码.app */,
			);
			name = Products;
			sourceTree = "<group>";
		};
		52AB3FF41D08112500567127 /* CLGeocoder地理编码 */ = {
			isa = PBXGroup;
			children = (
				52AB3FF81D08112500567127 /* AppDelegate.h */,
				52AB3FF91D08112500567127 /* AppDelegate.m */,
				52AB3FFB1D08112500567127 /* ViewController.h */,
				52AB3FFC1D08112500567127 /* ViewController.m */,
				52AB3FFE1D08112500567127 /* Main.storyboard */,
				52AB40011D08112500567127 /* Assets.xcassets */,
				52AB40031D08112500567127 /* LaunchScreen.storyboard */,
				52AB40061D08112500567127 /* Info.plist */,
				52AB3FF51D08112500567127 /* Supporting Files */,
			);
			path = "CLGeocoder地理编码";
			sourceTree = "<group>";
		};
		52AB3FF51D08112500567127 /* Supporting Files */ = {
			isa = PBXGroup;
			children = (
				52AB3FF61D08112500567127 /* main.m */,
			);
			name = "Supporting Files";
			sourceTree = "<group>";
		};
/* End PBXGroup section */

/* Begin PBXNativeTarget section */
		52AB3FF11D08112400567127 /* CLGeocoder地理编码 */ = {
			isa = PBXNativeTarget;
			buildConfigurationList = 52AB40091D08112500567127 /* Build configuration list for PBXNativeTarget "CLGeocoder地理编码" */;
			buildPhases = (
				52AB3FEE1D08112400567127 /* Sources */,
				52AB3FEF1D08112400567127 /* Frameworks */,
				52AB3FF01D08112400567127 /* Resources */,
			);
			buildRules = (
			);
			dependencies = (
			);
			name = "CLGeocoder地理编码";
			productName = "CLGeocoder地理编码";
			productReference = 52AB3FF21D08112400567127 /* CLGeocoder地理编码.app */;
			productType = "com.apple.product-type.application";
		};
/* End PBXNativeTarget section */

/* Begin PBXProject section */
		52AB3FEA1D08112400567127 /* Project object */ = {
			isa = PBXProject;
			attributes = {
				LastUpgradeCheck = 0730;
				ORGANIZATIONNAME = Seejoys;
				TargetAttributes = {
					52AB3FF11D08112400567127 = {
						CreatedOnToolsVersion = 7.3.1;
						DevelopmentTeam = XGX2A7H5J9;
					};
				};
			};
			buildConfigurationList = 52AB3FED1D08112400567127 /* Build configuration list for PBXProject "CLGeocoder地理编码" */;
			compatibilityVersion = "Xcode 3.2";
			developmentRegion = English;
			hasScannedForEncodings = 0;
			knownRegions = (
				en,
				Base,
			);
			mainGroup = 52AB3FE91D08112400567127;
			productRefGroup = 52AB3FF31D08112400567127 /* Products */;
			projectDirPath = "";
			projectRoot = "";
			targets = (
				52AB3FF11D08112400567127 /* CLGeocoder地理编码 */,
			);
		};
/* End PBXProject section */

/* Begin PBXResourcesBuildPhase section */
		52AB3FF01D08112400567127 /* Resources */ = {
			isa = PBXResourcesBuildPhase;
			buildActionMask = 2147483647;
			files = (
				52AB40051D08112500567127 /* LaunchScreen.storyboard in Resources */,
				52AB40021D08112500567127 /* Assets.xcassets in Resources */,
				52AB40001D08112500567127 /* Main.storyboard in Resources */,
			);
			runOnlyForDeploymentPostprocessing = 0;
		};
/* End PBXResourcesBuildPhase section */

/* Begin PBXSourcesBuildPhase section */
		52AB3FEE1D08112400567127 /* Sources */ = {
			isa = PBXSourcesBuildPhase;
			buildActionMask = 2147483647;
			files = (
				52AB3FFD1D08112500567127 /* ViewController.m in Sources */,
				52AB3FFA1D08112500567127 /* AppDelegate.m in Sources */,
				52AB3FF71D08112500567127 /* main.m in Sources */,
			);
			runOnlyForDeploymentPostprocessing = 0;
		};
/* End PBXSourcesBuildPhase section */

/* Begin PBXVariantGroup section */
		52AB3FFE1D08112500567127 /* Main.storyboard */ = {
			isa = PBXVariantGroup;
			children = (
				52AB3FFF1D08112500567127 /* Base */,
			);
			name = Main.storyboard;
			sourceTree = "<group>";
		};
		52AB40031D08112500567127 /* LaunchScreen.storyboard */ = {
			isa = PBXVariantGroup;
			children = (
				52AB40041D08112500567127 /* Base */,
			);
			name = LaunchScreen.storyboard;
			sourceTree = "<group>";
		};
/* End PBXVariantGroup section */

/* Begin XCBuildConfiguration section */
		52AB40071D08112500567127 /* Debug */ = {
			isa = XCBuildConfiguration;
			buildSettings = {
				ALWAYS_SEARCH_USER_PATHS = NO;
				CLANG_ANALYZER_NONNULL = YES;
				CLANG_CXX_LANGUAGE_STANDARD = "gnu++0x";
				CLANG_CXX_LIBRARY = "libc++";
				CLANG_ENABLE_MODULES = YES;
				CLANG_ENABLE_OBJC_ARC = YES;
				CLANG_WARN_BOOL_CONVERSION = YES;
				CLANG_WARN_CONSTANT_CONVERSION = YES;
				CLANG_WARN_DIRECT_OBJC_ISA_USAGE = YES_ERROR;
				CLANG_WARN_EMPTY_BODY = YES;
				CLANG_WARN_ENUM_CONVERSION = YES;
				CLANG_WARN_INT_CONVERSION = YES;
				CLANG_WARN_OBJC_ROOT_CLASS = YES_ERROR;
				CLANG_WARN_UNREACHABLE_CODE = YES;
				CLANG_WARN__DUPLICATE_METHOD_MATCH = YES;
				"CODE_SIGN_IDENTITY[sdk=iphoneos*]" = "iPhone Developer";
				COPY_PHASE_STRIP = NO;
				DEBUG_INFORMATION_FORMAT = dwarf;
				ENABLE_STRICT_OBJC_MSGSEND = YES;
				ENABLE_TESTABILITY = YES;
				GCC_C_LANGUAGE_STANDARD = gnu99;
				GCC_DYNAMIC_NO_PIC = NO;
				GCC_NO_COMMON_BLOCKS = YES;
				GCC_OPTIMIZATION_LEVEL = 0;
				GCC_PREPROCESSOR_DEFINITIONS = (
					"DEBUG=1",
					"$(inherited)",
				);
				GCC_WARN_64_TO_32_BIT_CONVERSION = YES;
				GCC_WARN_ABOUT_RETURN_TYPE = YES_ERROR;
				GCC_WARN_UNDECLARED_SELECTOR = YES;
				GCC_WARN_UNINITIALIZED_AUTOS = YES_AGGRESSIVE;
				GCC_WARN_UNUSED_FUNCTION = YES;
				GCC_WARN_UNUSED_VARIABLE = YES;
				IPHONEOS_DEPLOYMENT_TARGET = 9.3;
				MTL_ENABLE_DEBUG_INFO = YES;
				ONLY_ACTIVE_ARCH = YES;
				SDKROOT = iphoneos;
			};
			name = Debug;
		};
		52AB40081D08112500567127 /* Release */ = {
			isa = XCBuildConfiguration;
			buildSettings = {
				ALWAYS_SEARCH_USER_PATHS = NO;
				CLANG_ANALYZER_NONNULL = YES;
				CLANG_CXX_LANGUAGE_STANDARD = "gnu++0x";
				CLANG_CXX_LIBRARY = "libc++";
				CLANG_ENABLE_MODULES = YES;
				CLANG_ENABLE_OBJC_ARC = YES;
				CLANG_WARN_BOOL_CONVERSION = YES;
				CLANG_WARN_CONSTANT_CONVERSION = YES;
				CLANG_WARN_DIRECT_OBJC_ISA_USAGE = YES_ERROR;
				CLANG_WARN_EMPTY_BODY = YES;
				CLANG_WARN_ENUM_CONVERSION = YES;
				CLANG_WARN_INT_CONVERSION = YES;
				CLANG_WARN_OBJC_ROOT_CLASS = YES_ERROR;
				CLANG_WARN_UNREACHABLE_CODE = YES;
				CLANG_WARN__DUPLICATE_METHOD_MATCH = YES;
				"CODE_SIGN_IDENTITY[sdk=iphoneos*]" = "iPhone Developer";
				COPY_PHASE_STRIP = NO;
				DEBUG_INFORMATION_FORMAT = "dwarf-with-dsym";
				ENABLE_NS_ASSERTIONS = NO;
				ENABLE_STRICT_OBJC_MSGSEND = YES;
				GCC_C_LANGUAGE_STANDARD = gnu99;
				GCC_NO_COMMON_BLOCKS = YES;
				GCC_WARN_64_TO_32_BIT_CONVERSION = YES;
				GCC_WARN_ABOUT_RETURN_TYPE = YES_ERROR;
				GCC_WARN_UNDECLARED_SELECTOR = YES;
				GCC_WARN_UNINITIALIZED_AUTOS = YES_AGGRESSIVE;
				GCC_WARN_UNUSED_FUNCTION = YES;
				GCC_WARN_UNUSED_VARIABLE = YES;
				IPHONEOS_DEPLOYMENT_TARGET = 9.3;
				MTL_ENABLE_DEBUG_INFO = NO;
				SDKROOT = iphoneos;
				VALIDATE_PRODUCT = YES;
			};
			name = Release;
		};
		52AB400A1D08112500567127 /* Debug */ = {
			isa = XCBuildConfiguration;
			buildSettings = {
				ASSETCATALOG_COMPILER_APPICON_NAME = AppIcon;
				CODE_SIGN_IDENTITY = "iPhone Developer";
				"CODE_SIGN_IDENTITY[sdk=iphoneos*]" = "iPhone Developer";
				INFOPLIST_FILE = "CLGeocoder地理编码/Info.plist";
				LD_RUNPATH_SEARCH_PATHS = "$(inherited) @executable_path/Frameworks";
				PRODUCT_BUNDLE_IDENTIFIER = "com.seejoys.CLGeocoder----";
				PRODUCT_NAME = "$(TARGET_NAME)";
				PROVISIONING_PROFILE = "";
			};
			name = Debug;
		};
		52AB400B1D08112500567127 /* Release */ = {
			isa = XCBuildConfiguration;
			buildSettings = {
				ASSETCATALOG_COMPILER_APPICON_NAME = AppIcon;
				CODE_SIGN_IDENTITY = "iPhone Developer";
				"CODE_SIGN_IDENTITY[sdk=iphoneos*]" = "iPhone Developer";
				INFOPLIST_FILE = "CLGeocoder地理编码/Info.plist";
				LD_RUNPATH_SEARCH_PATHS = "$(inherited) @executable_path/Frameworks";
				PRODUCT_BUNDLE_IDENTIFIER = "com.seejoys.CLGeocoder----";
				PRODUCT_NAME = "$(TARGET_NAME)";
				PROVISIONING_PROFILE = "";
			};
			name = Release;
		};
/* End XCBuildConfiguration section */

/* Begin XCConfigurationList section */
		52AB3FED1D08112400567127 /* Build configuration list for PBXProject "CLGeocoder地理编码" */ = {
			isa = XCConfigurationList;
			buildConfigurations = (
				52AB40071D08112500567127 /* Debug */,
				52AB40081D08112500567127 /* Release */,
			);
			defaultConfigurationIsVisible = 0;
			defaultConfigurationName = Release;
		};
		52AB40091D08112500567127 /* Build configuration list for PBXNativeTarget "CLGeocoder地理编码" */ = {
			isa = XCConfigurationList;
			buildConfigurations = (
				52AB400A1D08112500567127 /* Debug */,
				52AB400B1D08112500567127 /* Release */,
			);
			defaultConfigurationIsVisible = 0;
		};
/* End XCConfigurationList section */
	};
	rootObject = 52AB3FEA1D08112400567127 /* Project object */;
}
